// !$*UTF8*$!
{
	archiveVersion = 1;
	classes = {
	};
	objectVersion = 46;
	objects = {

/* Begin PBXBuildFile section */
		81C0FDA41F3A41930089CC3B /* AppDelegate.swift in Sources */ = {isa = PBXBuildFile; fileRef = 81C0FDA31F3A41930089CC3B /* AppDelegate.swift */; };
		81C0FDA61F3A41930089CC3B /* ViewController.swift in Sources */ = {isa = PBXBuildFile; fileRef = 81C0FDA51F3A41930089CC3B /* ViewController.swift */; };
		81C0FDA91F3A41930089CC3B /* Main.storyboard in Resources */ = {isa = PBXBuildFile; fileRef = 81C0FDA71F3A41930089CC3B /* Main.storyboard */; };
		81C0FDAB1F3A41930089CC3B /* Assets.xcassets in Resources */ = {isa = PBXBuildFile; fileRef = 81C0FDAA1F3A41930089CC3B /* Assets.xcassets */; };
		81C0FDAE1F3A41930089CC3B /* LaunchScreen.storyboard in Resources */ = {isa = PBXBuildFile; fileRef = 81C0FDAC1F3A41930089CC3B /* LaunchScreen.storyboard */; };
		81C0FDB91F3A41930089CC3B /* MinesTests.swift in Sources */ = {isa = PBXBuildFile; fileRef = 81C0FDB81F3A41930089CC3B /* MinesTests.swift */; };
/* End PBXBuildFile section */

/* Begin PBXContainerItemProxy section */
		81C0FDB51F3A41930089CC3B /* PBXContainerItemProxy */ = {
			isa = PBXContainerItemProxy;
			containerPortal = 81C0FD981F3A41930089CC3B /* Project object */;
			proxyType = 1;
			remoteGlobalIDString = 81C0FD9F1F3A41930089CC3B;
			remoteInfo = Mines;
		};
/* End PBXContainerItemProxy section */

/* Begin PBXFileReference section */
		81C0FDA01F3A41930089CC3B /* Mines.app */ = {isa = PBXFileReference; explicitFileType = wrapper.application; includeInIndex = 0; path = Mines.app; sourceTree = BUILT_PRODUCTS_DIR; };
		81C0FDA31F3A41930089CC3B /* AppDelegate.swift */ = {isa = PBXFileReference; lastKnownFileType = sourcecode.swift; path = AppDelegate.swift; sourceTree = "<group>"; };
		81C0FDA51F3A41930089CC3B /* ViewController.swift */ = {isa = PBXFileReference; lastKnownFileType = sourcecode.swift; path = ViewController.swift; sourceTree = "<group>"; };
		81C0FDA81F3A41930089CC3B /* Base */ = {isa = PBXFileReference; lastKnownFileType = file.storyboard; name = Base; path = Base.lproj/Main.storyboard; sourceTree = "<group>"; };
		81C0FDAA1F3A41930089CC3B /* Assets.xcassets */ = {isa = PBXFileReference; lastKnownFileType = folder.assetcatalog; path = Assets.xcassets; sourceTree = "<group>"; };
		81C0FDAD1F3A41930089CC3B /* Base */ = {isa = PBXFileReference; lastKnownFileType = file.storyboard; name = Base; path = Base.lproj/LaunchScreen.storyboard; sourceTree = "<group>"; };
		81C0FDAF1F3A41930089CC3B /* Info.plist */ = {isa = PBXFileReference; lastKnownFileType = text.plist.xml; path = Info.plist; sourceTree = "<group>"; };
		81C0FDB41F3A41930089CC3B /* MinesTests.xctest */ = {isa = PBXFileReference; explicitFileType = wrapper.cfbundle; includeInIndex = 0; path = MinesTests.xctest; sourceTree = BUILT_PRODUCTS_DIR; };
		81C0FDB81F3A41930089CC3B /* MinesTests.swift */ = {isa = PBXFileReference; lastKnownFileType = sourcecode.swift; path = MinesTests.swift; sourceTree = "<group>"; };
		81C0FDBA1F3A41930089CC3B /* Info.plist */ = {isa = PBXFileReference; lastKnownFileType = text.plist.xml; path = Info.plist; sourceTree = "<group>"; };
/* End PBXFileReference section */

/* Begin PBXFrameworksBuildPhase section */
		81C0FD9D1F3A41930089CC3B /* Frameworks */ = {
			isa = PBXFrameworksBuildPhase;
			buildActionMask = 2147483647;
			files = (
			);
			runOnlyForDeploymentPostprocessing = 0;
		};
		81C0FDB11F3A41930089CC3B /* Frameworks */ = {
			isa = PBXFrameworksBuildPhase;
			buildActionMask = 2147483647;
			files = (
			);
			runOnlyForDeploymentPostprocessing = 0;
		};
/* End PBXFrameworksBuildPhase section */

/* Begin PBXGroup section */
		81C0FD971F3A41930089CC3B = {
			isa = PBXGroup;
			children = (
				81C0FDA21F3A41930089CC3B /* Mines */,
				81C0FDB71F3A41930089CC3B /* MinesTests */,
				81C0FDA11F3A41930089CC3B /* Products */,
			);
			sourceTree = "<group>";
		};
		81C0FDA11F3A41930089CC3B /* Products */ = {
			isa = PBXGroup;
			children = (
				81C0FDA01F3A41930089CC3B /* Mines.app */,
				81C0FDB41F3A41930089CC3B /* MinesTests.xctest */,
			);
			name = Products;
			sourceTree = "<group>";
		};
		81C0FDA21F3A41930089CC3B /* Mines */ = {
			isa = PBXGroup;
			children = (
				81C0FDA31F3A41930089CC3B /* AppDelegate.swift */,
				81C0FDA51F3A41930089CC3B /* ViewController.swift */,
				81C0FDA71F3A41930089CC3B /* Main.storyboard */,
				81C0FDAA1F3A41930089CC3B /* Assets.xcassets */,
				81C0FDAC1F3A41930089CC3B /* LaunchScreen.storyboard */,
				81C0FDAF1F3A41930089CC3B /* Info.plist */,
			);
			path = Mines;
			sourceTree = "<group>";
		};
		81C0FDB71F3A41930089CC3B /* MinesTests */ = {
			isa = PBXGroup;
			children = (
				81C0FDB81F3A41930089CC3B /* MinesTests.swift */,
				81C0FDBA1F3A41930089CC3B /* Info.plist */,
			);
			path = MinesTests;
			sourceTree = "<group>";
		};
/* End PBXGroup section */

/* Begin PBXNativeTarget section */
		81C0FD9F1F3A41930089CC3B /* Mines */ = {
			isa = PBXNativeTarget;
			buildConfigurationList = 81C0FDBD1F3A41930089CC3B /* Build configuration list for PBXNativeTarget "Mines" */;
			buildPhases = (
				81C0FD9C1F3A41930089CC3B /* Sources */,
				81C0FD9D1F3A41930089CC3B /* Frameworks */,
				81C0FD9E1F3A41930089CC3B /* Resources */,
			);
			buildRules = (
			);
			dependencies = (
			);
			name = Mines;
			productName = Mines;
			productReference = 81C0FDA01F3A41930089CC3B /* Mines.app */;
			productType = "com.apple.product-type.application";
		};
		81C0FDB31F3A41930089CC3B /* MinesTests */ = {
			isa = PBXNativeTarget;
			buildConfigurationList = 81C0FDC01F3A41930089CC3B /* Build configuration list for PBXNativeTarget "MinesTests" */;
			buildPhases = (
				81C0FDB01F3A41930089CC3B /* Sources */,
				81C0FDB11F3A41930089CC3B /* Frameworks */,
				81C0FDB21F3A41930089CC3B /* Resources */,
			);
			buildRules = (
			);
			dependencies = (
				81C0FDB61F3A41930089CC3B /* PBXTargetDependency */,
			);
			name = MinesTests;
			productName = MinesTests;
			productReference = 81C0FDB41F3A41930089CC3B /* MinesTests.xctest */;
			productType = "com.apple.product-type.bundle.unit-test";
		};
/* End PBXNativeTarget section */

/* Begin PBXProject section */
		81C0FD981F3A41930089CC3B /* Project object */ = {
			isa = PBXProject;
			attributes = {
				LastSwiftUpdateCheck = 0830;
				LastUpgradeCheck = 0830;
				ORGANIZATIONNAME = Azing;
				TargetAttributes = {
					81C0FD9F1F3A41930089CC3B = {
						CreatedOnToolsVersion = 8.3.3;
						DevelopmentTeam = P6WDVDEGP6;
						ProvisioningStyle = Automatic;
					};
					81C0FDB31F3A41930089CC3B = {
						CreatedOnToolsVersion = 8.3.3;
						DevelopmentTeam = P6WDVDEGP6;
						ProvisioningStyle = Automatic;
						TestTargetID = 81C0FD9F1F3A41930089CC3B;
					};
				};
			};
			buildConfigurationList = 81C0FD9B1F3A41930089CC3B /* Build configuration list for PBXProject "Mines" */;
			compatibilityVersion = "Xcode 3.2";
			developmentRegion = English;
			hasScannedForEncodings = 0;
			knownRegions = (
				en,
				Base,
			);
			mainGroup = 81C0FD971F3A41930089CC3B;
			productRefGroup = 81C0FDA11F3A41930089CC3B /* Products */;
			projectDirPath = "";
			projectRoot = "";
			targets = (
				81C0FD9F1F3A41930089CC3B /* Mines */,
				81C0FDB31F3A41930089CC3B /* MinesTests */,
			);
		};
/* End PBXProject section */

/* Begin PBXResourcesBuildPhase section */
		81C0FD9E1F3A41930089CC3B /* Resources */ = {
			isa = PBXResourcesBuildPhase;
			buildActionMask = 2147483647;
			files = (
				81C0FDAE1F3A41930089CC3B /* LaunchScreen.storyboard in Resources */,
				81C0FDAB1F3A41930089CC3B /* Assets.xcassets in Resources */,
				81C0FDA91F3A41930089CC3B /* Main.storyboard in Resources */,
			);
			runOnlyForDeploymentPostprocessing = 0;
		};
		81C0FDB21F3A41930089CC3B /* Resources */ = {
			isa = PBXResourcesBuildPhase;
			buildActionMask = 2147483647;
			files = (
			);
			runOnlyForDeploymentPostprocessing = 0;
		};
/* End PBXResourcesBuildPhase section */

/* Begin PBXSourcesBuildPhase section */
		81C0FD9C1F3A41930089CC3B /* Sources */ = {
			isa = PBXSourcesBuildPhase;
			buildActionMask = 2147483647;
			files = (
				81C0FDA61F3A41930089CC3B /* ViewController.swift in Sources */,
				81C0FDA41F3A41930089CC3B /* AppDelegate.swift in Sources */,
			);
			runOnlyForDeploymentPostprocessing = 0;
		};
		81C0FDB01F3A41930089CC3B /* Sources */ = {
			isa = PBXSourcesBuildPhase;
			buildActionMask = 2147483647;
			files = (
				81C0FDB91F3A41930089CC3B /* MinesTests.swift in Sources */,
			);
			runOnlyForDeploymentPostprocessing = 0;
		};
/* End PBXSourcesBuildPhase section */

/* Begin PBXTargetDependency section */
		81C0FDB61F3A41930089CC3B /* PBXTargetDependency */ = {
			isa = PBXTargetDependency;
			target = 81C0FD9F1F3A41930089CC3B /* Mines */;
			targetProxy = 81C0FDB51F3A41930089CC3B /* PBXContainerItemProxy */;
		};
/* End PBXTargetDependency section */

/* Begin PBXVariantGroup section */
		81C0FDA71F3A41930089CC3B /* Main.storyboard */ = {
			isa = PBXVariantGroup;
			children = (
				81C0FDA81F3A41930089CC3B /* Base */,
			);
			name = Main.storyboard;
			sourceTree = "<group>";
		};
		81C0FDAC1F3A41930089CC3B /* LaunchScreen.storyboard */ = {
			isa = PBXVariantGroup;
			children = (
				81C0FDAD1F3A41930089CC3B /* Base */,
			);
			name = LaunchScreen.storyboard;
			sourceTree = "<group>";
		};
/* End PBXVariantGroup section */

/* Begin XCBuildConfiguration section */
		81C0FDBB1F3A41930089CC3B /* Debug */ = {
			isa = XCBuildConfiguration;
			buildSettings = {
				ALWAYS_SEARCH_USER_PATHS = NO;
				CLANG_ANALYZER_NONNULL = YES;
				CLANG_ANALYZER_NUMBER_OBJECT_CONVERSION = YES_AGGRESSIVE;
				CLANG_CXX_LANGUAGE_STANDARD = "gnu++0x";
				CLANG_CXX_LIBRARY = "libc++";
				CLANG_ENABLE_MODULES = YES;
				CLANG_ENABLE_OBJC_ARC = YES;
				CLANG_WARN_BOOL_CONVERSION = YES;
				CLANG_WARN_CONSTANT_CONVERSION = YES;
				CLANG_WARN_DIRECT_OBJC_ISA_USAGE = YES_ERROR;
				CLANG_WARN_DOCUMENTATION_COMMENTS = YES;
				CLANG_WARN_EMPTY_BODY = YES;
				CLANG_WARN_ENUM_CONVERSION = YES;
				CLANG_WARN_INFINITE_RECURSION = YES;
				CLANG_WARN_INT_CONVERSION = YES;
				CLANG_WARN_OBJC_ROOT_CLASS = YES_ERROR;
				CLANG_WARN_SUSPICIOUS_MOVE = YES;
				CLANG_WARN_UNREACHABLE_CODE = YES;
				CLANG_WARN__DUPLICATE_METHOD_MATCH = YES;
				"CODE_SIGN_IDENTITY[sdk=iphoneos*]" = "iPhone Developer";
				COPY_PHASE_STRIP = NO;
				DEBUG_INFORMATION_FORMAT = dwarf;
				ENABLE_STRICT_OBJC_MSGSEND = YES;
				ENABLE_TESTABILITY = YES;
				GCC_C_LANGUAGE_STANDARD = gnu99;
				GCC_DYNAMIC_NO_PIC = NO;
				GCC_NO_COMMON_BLOCKS = YES;
				GCC_OPTIMIZATION_LEVEL = 0;
				GCC_PREPROCESSOR_DEFINITIONS = (
					"DEBUG=1",
					"$(inherited)",
				);
				GCC_WARN_64_TO_32_BIT_CONVERSION = YES;
				GCC_WARN_ABOUT_RETURN_TYPE = YES_ERROR;
				GCC_WARN_UNDECLARED_SELECTOR = YES;
				GCC_WARN_UNINITIALIZED_AUTOS = YES_AGGRESSIVE;
				GCC_WARN_UNUSED_FUNCTION = YES;
				GCC_WARN_UNUSED_VARIABLE = YES;
				IPHONEOS_DEPLOYMENT_TARGET = 10.3;
				MTL_ENABLE_DEBUG_INFO = YES;
				ONLY_ACTIVE_ARCH = YES;
				SDKROOT = iphoneos;
				SWIFT_ACTIVE_COMPILATION_CONDITIONS = DEBUG;
				SWIFT_OPTIMIZATION_LEVEL = "-Onone";
				TARGETED_DEVICE_FAMILY = "1,2";
			};
			name = Debug;
		};
		81C0FDBC1F3A41930089CC3B /* Release */ = {
			isa = XCBuildConfiguration;
			buildSettings = {
				ALWAYS_SEARCH_USER_PATHS = NO;
				CLANG_ANALYZER_NONNULL = YES;
				CLANG_ANALYZER_NUMBER_OBJECT_CONVERSION = YES_AGGRESSIVE;
				CLANG_CXX_LANGUAGE_STANDARD = "gnu++0x";
				CLANG_CXX_LIBRARY = "libc++";
				CLANG_ENABLE_MODULES = YES;
				CLANG_ENABLE_OBJC_ARC = YES;
				CLANG_WARN_BOOL_CONVERSION = YES;
				CLANG_WARN_CONSTANT_CONVERSION = YES;
				CLANG_WARN_DIRECT_OBJC_ISA_USAGE = YES_ERROR;
				CLANG_WARN_DOCUMENTATION_COMMENTS = YES;
				CLANG_WARN_EMPTY_BODY = YES;
				CLANG_WARN_ENUM_CONVERSION = YES;
				CLANG_WARN_INFINITE_RECURSION = YES;
				CLANG_WARN_INT_CONVERSION = YES;
				CLANG_WARN_OBJC_ROOT_CLASS = YES_ERROR;
				CLANG_WARN_SUSPICIOUS_MOVE = YES;
				CLANG_WARN_UNREACHABLE_CODE = YES;
				CLANG_WARN__DUPLICATE_METHOD_MATCH = YES;
				"CODE_SIGN_IDENTITY[sdk=iphoneos*]" = "iPhone Developer";
				COPY_PHASE_STRIP = NO;
				DEBUG_INFORMATION_FORMAT = "dwarf-with-dsym";
				ENABLE_NS_ASSERTIONS = NO;
				ENABLE_STRICT_OBJC_MSGSEND = YES;
				GCC_C_LANGUAGE_STANDARD = gnu99;
				GCC_NO_COMMON_BLOCKS = YES;
				GCC_WARN_64_TO_32_BIT_CONVERSION = YES;
				GCC_WARN_ABOUT_RETURN_TYPE = YES_ERROR;
				GCC_WARN_UNDECLARED_SELECTOR = YES;
				GCC_WARN_UNINITIALIZED_AUTOS = YES_AGGRESSIVE;
				GCC_WARN_UNUSED_FUNCTION = YES;
				GCC_WARN_UNUSED_VARIABLE = YES;
				IPHONEOS_DEPLOYMENT_TARGET = 10.3;
				MTL_ENABLE_DEBUG_INFO = NO;
				SDKROOT = iphoneos;
				SWIFT_OPTIMIZATION_LEVEL = "-Owholemodule";
				TARGETED_DEVICE_FAMILY = "1,2";
				VALIDATE_PRODUCT = YES;
			};
			name = Release;
		};
		81C0FDBE1F3A41930089CC3B /* Debug */ = {
			isa = XCBuildConfiguration;
			buildSettings = {
				ASSETCATALOG_COMPILER_APPICON_NAME = AppIcon;
				DEVELOPMENT_TEAM = P6WDVDEGP6;
				INFOPLIST_FILE = Mines/Info.plist;
				LD_RUNPATH_SEARCH_PATHS = "$(inherited) @executable_path/Frameworks";
				PRODUCT_BUNDLE_IDENTIFIER = io.azing.Mines;
				PRODUCT_NAME = "$(TARGET_NAME)";
				SWIFT_VERSION = 3.0;
			};
			name = Debug;
		};
		81C0FDBF1F3A41930089CC3B /* Release */ = {
			isa = XCBuildConfiguration;
			buildSettings = {
				ASSETCATALOG_COMPILER_APPICON_NAME = AppIcon;
				DEVELOPMENT_TEAM = P6WDVDEGP6;
				INFOPLIST_FILE = Mines/Info.plist;
				LD_RUNPATH_SEARCH_PATHS = "$(inherited) @executable_path/Frameworks";
				PRODUCT_BUNDLE_IDENTIFIER = io.azing.Mines;
				PRODUCT_NAME = "$(TARGET_NAME)";
				SWIFT_VERSION = 3.0;
			};
			name = Release;
		};
		81C0FDC11F3A41930089CC3B /* Debug */ = {
			isa = XCBuildConfiguration;
			buildSettings = {
				ALWAYS_EMBED_SWIFT_STANDARD_LIBRARIES = YES;
				BUNDLE_LOADER = "$(TEST_HOST)";
				DEVELOPMENT_TEAM = P6WDVDEGP6;
				INFOPLIST_FILE = MinesTests/Info.plist;
				LD_RUNPATH_SEARCH_PATHS = "$(inherited) @executable_path/Frameworks @loader_path/Frameworks";
				PRODUCT_BUNDLE_IDENTIFIER = io.azing.MinesTests;
				PRODUCT_NAME = "$(TARGET_NAME)";
				SWIFT_VERSION = 3.0;
				TEST_HOST = "$(BUILT_PRODUCTS_DIR)/Mines.app/Mines";
			};
			name = Debug;
		};
		81C0FDC21F3A41930089CC3B /* Release */ = {
			isa = XCBuildConfiguration;
			buildSettings = {
				ALWAYS_EMBED_SWIFT_STANDARD_LIBRARIES = YES;
				BUNDLE_LOADER = "$(TEST_HOST)";
				DEVELOPMENT_TEAM = P6WDVDEGP6;
				INFOPLIST_FILE = MinesTests/Info.plist;
				LD_RUNPATH_SEARCH_PATHS = "$(inherited) @executable_path/Frameworks @loader_path/Frameworks";
				PRODUCT_BUNDLE_IDENTIFIER = io.azing.MinesTests;
				PRODUCT_NAME = "$(TARGET_NAME)";
				SWIFT_VERSION = 3.0;
				TEST_HOST = "$(BUILT_PRODUCTS_DIR)/Mines.app/Mines";
			};
			name = Release;
		};
/* End XCBuildConfiguration section */

/* Begin XCConfigurationList section */
		81C0FD9B1F3A41930089CC3B /* Build configuration list for PBXProject "Mines" */ = {
			isa = XCConfigurationList;
			buildConfigurations = (
				81C0FDBB1F3A41930089CC3B /* Debug */,
				81C0FDBC1F3A41930089CC3B /* Release */,
			);
			defaultConfigurationIsVisible = 0;
			defaultConfigurationName = Release;
		};
		81C0FDBD1F3A41930089CC3B /* Build configuration list for PBXNativeTarget "Mines" */ = {
			isa = XCConfigurationList;
			buildConfigurations = (
				81C0FDBE1F3A41930089CC3B /* Debug */,
				81C0FDBF1F3A41930089CC3B /* Release */,
			);
			defaultConfigurationIsVisible = 0;
		};
		81C0FDC01F3A41930089CC3B /* Build configuration list for PBXNativeTarget "MinesTests" */ = {
			isa = XCConfigurationList;
			buildConfigurations = (
				81C0FDC11F3A41930089CC3B /* Debug */,
				81C0FDC21F3A41930089CC3B /* Release */,
			);
			defaultConfigurationIsVisible = 0;
		};
/* End XCConfigurationList section */
	};
	rootObject = 81C0FD981F3A41930089CC3B /* Project object */;
}
